
Microsoft Visual Studio Solution File, Format Version 12.00
# Visual Studio Version 17
VisualStudioVersion = 17.11.35222.181
MinimumVisualStudioVersion = 10.0.40219.1
Project("{FAE04EC0-301F-11D3-BF4B-00C04F79EFBC}") = "Presentation", "NERA Presentation\Presentation.csproj", "{B8F870C8-9B44-4F10-A38C-A4DC92AB6BB8}"
EndProject
Project("{FAE04EC0-301F-11D3-BF4B-00C04F79EFBC}") = "Logic", "NERA Logic\Logic.csproj", "{C3C82A4B-ACC5-47D5-A3B1-73E703DEEB5F}"
EndProject
Project("{FAE04EC0-301F-11D3-BF4B-00C04F79EFBC}") = "Data", "NERA Data\Data.csproj", "{D3311098-B47D-4BC7-9263-2BC35D9477E3}"
EndProject
Project("{FAE04EC0-301F-11D3-BF4B-00C04F79EFBC}") = "Domain", "Domain\Domain.csproj", "{C826CBB0-1D92-4DC1-B5DB-F6C7AD7E3D65}"
EndProject
Global
	GlobalSection(SolutionConfigurationPlatforms) = preSolution
		Debug|Any CPU = Debug|Any CPU
		Release|Any CPU = Release|Any CPU
	EndGlobalSection
	GlobalSection(ProjectConfigurationPlatforms) = postSolution
		{B8F870C8-9B44-4F10-A38C-A4DC92AB6BB8}.Debug|Any CPU.ActiveCfg = Debug|Any CPU
		{B8F870C8-9B44-4F10-A38C-A4DC92AB6BB8}.Debug|Any CPU.Build.0 = Debug|Any CPU
		{B8F870C8-9B44-4F10-A38C-A4DC92AB6BB8}.Release|Any CPU.ActiveCfg = Release|Any CPU
		{B8F870C8-9B44-4F10-A38C-A4DC92AB6BB8}.Release|Any CPU.Build.0 = Release|Any CPU
		{C3C82A4B-ACC5-47D5-A3B1-73E703DEEB5F}.Debug|Any CPU.ActiveCfg = Debug|Any CPU
		{C3C82A4B-ACC5-47D5-A3B1-73E703DEEB5F}.Debug|Any CPU.Build.0 = Debug|Any CPU
		{C3C82A4B-ACC5-47D5-A3B1-73E703DEEB5F}.Release|Any CPU.ActiveCfg = Release|Any CPU
		{C3C82A4B-ACC5-47D5-A3B1-73E703DEEB5F}.Release|Any CPU.Build.0 = Release|Any CPU
		{D3311098-B47D-4BC7-9263-2BC35D9477E3}.Debug|Any CPU.ActiveCfg = Debug|Any CPU
		{D3311098-B47D-4BC7-9263-2BC35D9477E3}.Debug|Any CPU.Build.0 = Debug|Any CPU
		{D3311098-B47D-4BC7-9263-2BC35D9477E3}.Release|Any CPU.ActiveCfg = Release|Any CPU
		{D3311098-B47D-4BC7-9263-2BC35D9477E3}.Release|Any CPU.Build.0 = Release|Any CPU
		{C826CBB0-1D92-4DC1-B5DB-F6C7AD7E3D65}.Debug|Any CPU.ActiveCfg = Debug|Any CPU
		{C826CBB0-1D92-4DC1-B5DB-F6C7AD7E3D65}.Debug|Any CPU.Build.0 = Debug|Any CPU
		{C826CBB0-1D92-4DC1-B5DB-F6C7AD7E3D65}.Release|Any CPU.ActiveCfg = Release|Any CPU
		{C826CBB0-1D92-4DC1-B5DB-F6C7AD7E3D65}.Release|Any CPU.Build.0 = Release|Any CPU
	EndGlobalSection
	GlobalSection(SolutionProperties) = preSolution
		HideSolutionNode = FALSE
	EndGlobalSection
	GlobalSection(ExtensibilityGlobals) = postSolution
		SolutionGuid = {C1FC582C-C642-4A31-8890-D36E975AD94C}
	EndGlobalSection
EndGlobal
